{
  "name": "dumb-luck",
  "version": "1.0.0",
  "lockfileVersion": 1,
  "requires": true,
  "dependencies": {
    "neuralnet": {
      "version": "1.0.1",
      "resolved": "https://registry.npmjs.org/neuralnet/-/neuralnet-1.0.1.tgz",
      "integrity": "sha1-Lk7UJELkSzUE/ws5lhzaW0PpTGU="
    }
  }
}
